
Microsoft Visual Studio Solution File, Format Version 12.00
# Visual Studio Version 16
VisualStudioVersion = 16.0.29123.88
MinimumVisualStudioVersion = 10.0.40219.1
Project("{FAE04EC0-301F-11D3-BF4B-00C04F79EFBC}") = "L2A", "L2A\L2A.csproj", "{3DEF94E2-783C-42AC-9E20-C56D20C64DD3}"
EndProject
Global
	GlobalSection(SolutionConfigurationPlatforms) = preSolution
		Debug|Any CPU = Debug|Any CPU
		Release|Any CPU = Release|Any CPU
	EndGlobalSection
	GlobalSection(ProjectConfigurationPlatforms) = postSolution
		{3DEF94E2-783C-42AC-9E20-C56D20C64DD3}.Debug|Any CPU.ActiveCfg = Debug|Any CPU
		{3DEF94E2-783C-42AC-9E20-C56D20C64DD3}.Debug|Any CPU.Build.0 = Debug|Any CPU
		{3DEF94E2-783C-42AC-9E20-C56D20C64DD3}.Release|Any CPU.ActiveCfg = Release|Any CPU
		{3DEF94E2-783C-42AC-9E20-C56D20C64DD3}.Release|Any CPU.Build.0 = Release|Any CPU
	EndGlobalSection
	GlobalSection(SolutionProperties) = preSolution
		HideSolutionNode = FALSE
	EndGlobalSection
	GlobalSection(ExtensibilityGlobals) = postSolution
		SolutionGuid = {8147B2A3-A628-48B2-81CE-FB6A73DFDF11}
	EndGlobalSection
EndGlobal
